{
    "version": 3,
    "terraform_version": "0.11.6",
    "serial": 5,
    "lineage": "5bb3d61d-6c50-b39c-7175-3b1d67f4bb15",
    "modules": [
        {
            "path": [
                "root"
            ],
            "outputs": {},
            "resources": {
                "aws_eip.ip": {
                    "type": "aws_eip",
                    "depends_on": [
                        "aws_instance.example"
                    ],
                    "primary": {
                        "id": "eipalloc-9b87c392",
                        "attributes": {
                            "association_id": "eipassoc-818c5c2a",
                            "domain": "vpc",
                            "id": "eipalloc-9b87c392",
                            "instance": "i-094a59957118b5f00",
                            "network_interface": "eni-19992f9f",
                            "private_ip": "172.31.36.240",
                            "public_ip": "35.168.24.131",
                            "tags.%": "0",
                            "vpc": "true"
                        },
                        "meta": {
                            "e2bfb730-ecaa-11e6-8f88-34363bc7c4c0": {
                                "delete": 180000000000,
                                "read": 900000000000,
                                "update": 300000000000
                            }
                        },
                        "tainted": false
                    },
                    "deposed": [],
                    "provider": "provider.aws"
                },
                "aws_instance.example": {
                    "type": "aws_instance",
                    "depends_on": [],
                    "primary": {
                        "id": "i-094a59957118b5f00",
                        "attributes": {
                            "ami": "ami-b374d5a5",
                            "associate_public_ip_address": "true",
                            "availability_zone": "us-east-1c",
                            "disable_api_termination": "false",
                            "ebs_block_device.#": "0",
                            "ebs_optimized": "false",
                            "ephemeral_block_device.#": "0",
                            "get_password_data": "false",
                            "iam_instance_profile": "",
                            "id": "i-094a59957118b5f00",
                            "instance_state": "running",
                            "instance_type": "t2.micro",
                            "ipv6_addresses.#": "0",
                            "key_name": "",
                            "monitoring": "false",
                            "network_interface.#": "0",
                            "network_interface_id": "eni-19992f9f",
                            "password_data": "",
                            "placement_group": "",
                            "primary_network_interface_id": "eni-19992f9f",
                            "private_dns": "ip-172-31-36-240.ec2.internal",
                            "private_ip": "172.31.36.240",
                            "public_dns": "ec2-52-90-15-182.compute-1.amazonaws.com",
                            "public_ip": "52.90.15.182",
                            "root_block_device.#": "1",
                            "root_block_device.0.delete_on_termination": "true",
                            "root_block_device.0.iops": "100",
                            "root_block_device.0.volume_id": "vol-0a44473124db649cc",
                            "root_block_device.0.volume_size": "8",
                            "root_block_device.0.volume_type": "gp2",
                            "security_groups.#": "1",
                            "security_groups.3814588639": "default",
                            "source_dest_check": "true",
                            "subnet_id": "subnet-58c46f02",
                            "tags.%": "0",
                            "tenancy": "default",
                            "volume_tags.%": "0",
                            "vpc_security_group_ids.#": "1",
                            "vpc_security_group_ids.3859355754": "sg-04d10c75"
                        },
                        "meta": {
                            "e2bfb730-ecaa-11e6-8f88-34363bc7c4c0": {
                                "create": 600000000000,
                                "delete": 1200000000000,
                                "update": 600000000000
                            },
                            "schema_version": "1"
                        },
                        "tainted": false
                    },
                    "deposed": [],
                    "provider": "provider.aws"
                }
            },
            "depends_on": []
        }
    ]
}
